
Microsoft Visual Studio Solution File, Format Version 12.00
# Visual Studio Version 16
VisualStudioVersion = 16.0.29123.88
MinimumVisualStudioVersion = 10.0.40219.1
Project("{8BC9CEB8-8B4A-11D0-8D11-00A0C91BC942}") = "03_Shadows", "03_Shadows\03_Shadows.vcxproj", "{559AF160-6EE0-4A79-90BF-9C4EEBA3B66D}"
EndProject
Global
	GlobalSection(SolutionConfigurationPlatforms) = preSolution
		Debug|x64 = Debug|x64
		Release|x64 = Release|x64
	EndGlobalSection
	GlobalSection(ProjectConfigurationPlatforms) = postSolution
		{559AF160-6EE0-4A79-90BF-9C4EEBA3B66D}.Debug|x64.ActiveCfg = Debug|x64
		{559AF160-6EE0-4A79-90BF-9C4EEBA3B66D}.Debug|x64.Build.0 = Debug|x64
		{559AF160-6EE0-4A79-90BF-9C4EEBA3B66D}.Release|x64.ActiveCfg = Release|x64
		{559AF160-6EE0-4A79-90BF-9C4EEBA3B66D}.Release|x64.Build.0 = Release|x64
	EndGlobalSection
	GlobalSection(SolutionProperties) = preSolution
		HideSolutionNode = FALSE
	EndGlobalSection
	GlobalSection(ExtensibilityGlobals) = postSolution
		SolutionGuid = {85B11C18-C869-4956-8931-A064B9115515}
	EndGlobalSection
EndGlobal
